
Microsoft Visual Studio Solution File, Format Version 12.00
# Visual Studio Version 16
VisualStudioVersion = 16.0.28803.202
MinimumVisualStudioVersion = 10.0.40219.1
Project("{9A19103F-16F7-4668-BE54-9A1E7A4F7556}") = "MultiLogger", "MultiLogger\MultiLogger.csproj", "{B7D0F065-D21F-40B2-9B7A-98ABF90DC8C2}"
EndProject
Project("{9A19103F-16F7-4668-BE54-9A1E7A4F7556}") = "MultiLogger.Extensions", "MultiLogger.Extensions\MultiLogger.Extensions.csproj", "{E9D601F2-8B72-4B0C-B28A-5C24531B85F0}"
EndProject
Project("{9A19103F-16F7-4668-BE54-9A1E7A4F7556}") = "MultiLogger.Writers", "MultiLogger.Writers\MultiLogger.Writers.csproj", "{70C8C6C2-3F2F-4DFE-A936-90D4BED06572}"
EndProject
Global
	GlobalSection(SolutionConfigurationPlatforms) = preSolution
		Debug|Any CPU = Debug|Any CPU
		Release|Any CPU = Release|Any CPU
	EndGlobalSection
	GlobalSection(ProjectConfigurationPlatforms) = postSolution
		{B7D0F065-D21F-40B2-9B7A-98ABF90DC8C2}.Debug|Any CPU.ActiveCfg = Debug|Any CPU
		{B7D0F065-D21F-40B2-9B7A-98ABF90DC8C2}.Debug|Any CPU.Build.0 = Debug|Any CPU
		{B7D0F065-D21F-40B2-9B7A-98ABF90DC8C2}.Release|Any CPU.ActiveCfg = Release|Any CPU
		{B7D0F065-D21F-40B2-9B7A-98ABF90DC8C2}.Release|Any CPU.Build.0 = Release|Any CPU
		{E9D601F2-8B72-4B0C-B28A-5C24531B85F0}.Debug|Any CPU.ActiveCfg = Debug|Any CPU
		{E9D601F2-8B72-4B0C-B28A-5C24531B85F0}.Debug|Any CPU.Build.0 = Debug|Any CPU
		{E9D601F2-8B72-4B0C-B28A-5C24531B85F0}.Release|Any CPU.ActiveCfg = Release|Any CPU
		{E9D601F2-8B72-4B0C-B28A-5C24531B85F0}.Release|Any CPU.Build.0 = Release|Any CPU
		{70C8C6C2-3F2F-4DFE-A936-90D4BED06572}.Debug|Any CPU.ActiveCfg = Debug|Any CPU
		{70C8C6C2-3F2F-4DFE-A936-90D4BED06572}.Debug|Any CPU.Build.0 = Debug|Any CPU
		{70C8C6C2-3F2F-4DFE-A936-90D4BED06572}.Release|Any CPU.ActiveCfg = Release|Any CPU
		{70C8C6C2-3F2F-4DFE-A936-90D4BED06572}.Release|Any CPU.Build.0 = Release|Any CPU
	EndGlobalSection
	GlobalSection(SolutionProperties) = preSolution
		HideSolutionNode = FALSE
	EndGlobalSection
	GlobalSection(ExtensibilityGlobals) = postSolution
		SolutionGuid = {73A92833-7385-45BA-9E28-7FEA8F8BCBAE}
	EndGlobalSection
EndGlobal
